
Microsoft Visual Studio Solution File, Format Version 12.00
# Visual Studio Version 16
VisualStudioVersion = 25.0.1704.2
MinimumVisualStudioVersion = 10.0.40219.1
Project("{FAE04EC0-301F-11D3-BF4B-00C04F79EFBC}") = "UnderstandingLINQ", "UnderstandingLINQ\UnderstandingLINQ.csproj", "{C1249CE9-305F-4144-9565-1D9AF1667FE0}"
EndProject
Global
	GlobalSection(SolutionConfigurationPlatforms) = preSolution
		Debug|Any CPU = Debug|Any CPU
		Release|Any CPU = Release|Any CPU
	EndGlobalSection
	GlobalSection(ProjectConfigurationPlatforms) = postSolution
		{C1249CE9-305F-4144-9565-1D9AF1667FE0}.Debug|Any CPU.ActiveCfg = Debug|Any CPU
		{C1249CE9-305F-4144-9565-1D9AF1667FE0}.Debug|Any CPU.Build.0 = Debug|Any CPU
		{C1249CE9-305F-4144-9565-1D9AF1667FE0}.Release|Any CPU.ActiveCfg = Release|Any CPU
		{C1249CE9-305F-4144-9565-1D9AF1667FE0}.Release|Any CPU.Build.0 = Release|Any CPU
	EndGlobalSection
	GlobalSection(SolutionProperties) = preSolution
		HideSolutionNode = FALSE
	EndGlobalSection
	GlobalSection(ExtensibilityGlobals) = postSolution
		SolutionGuid = {7517F7B7-04D8-424A-899E-8D6D8E140535}
	EndGlobalSection
EndGlobal
