
Microsoft Visual Studio Solution File, Format Version 12.00
# Visual Studio Version 16
VisualStudioVersion = 25.0.1704.2
MinimumVisualStudioVersion = 10.0.40219.1
Project("{FAE04EC0-301F-11D3-BF4B-00C04F79EFBC}") = "DateAndTime", "DateAndTime\DateAndTime.csproj", "{A8E7608F-5897-473B-871A-7645EBD7E17A}"
EndProject
Global
	GlobalSection(SolutionConfigurationPlatforms) = preSolution
		Debug|Any CPU = Debug|Any CPU
		Release|Any CPU = Release|Any CPU
	EndGlobalSection
	GlobalSection(ProjectConfigurationPlatforms) = postSolution
		{A8E7608F-5897-473B-871A-7645EBD7E17A}.Debug|Any CPU.ActiveCfg = Debug|Any CPU
		{A8E7608F-5897-473B-871A-7645EBD7E17A}.Debug|Any CPU.Build.0 = Debug|Any CPU
		{A8E7608F-5897-473B-871A-7645EBD7E17A}.Release|Any CPU.ActiveCfg = Release|Any CPU
		{A8E7608F-5897-473B-871A-7645EBD7E17A}.Release|Any CPU.Build.0 = Release|Any CPU
	EndGlobalSection
	GlobalSection(SolutionProperties) = preSolution
		HideSolutionNode = FALSE
	EndGlobalSection
	GlobalSection(ExtensibilityGlobals) = postSolution
		SolutionGuid = {9812E382-3999-42B9-83DC-795E19D8CD49}
	EndGlobalSection
EndGlobal
