
Microsoft Visual Studio Solution File, Format Version 12.00
# Visual Studio Version 16
VisualStudioVersion = 25.0.1704.2
MinimumVisualStudioVersion = 10.0.40219.1
Project("{FAE04EC0-301F-11D3-BF4B-00C04F79EFBC}") = "ObjectsConstructorsStatic", "ObjectsConstructorsStatic\ObjectsConstructorsStatic.csproj", "{466F6936-F4E9-497C-B195-8BAFAF1AA6E3}"
EndProject
Global
	GlobalSection(SolutionConfigurationPlatforms) = preSolution
		Debug|Any CPU = Debug|Any CPU
		Release|Any CPU = Release|Any CPU
	EndGlobalSection
	GlobalSection(ProjectConfigurationPlatforms) = postSolution
		{466F6936-F4E9-497C-B195-8BAFAF1AA6E3}.Debug|Any CPU.ActiveCfg = Debug|Any CPU
		{466F6936-F4E9-497C-B195-8BAFAF1AA6E3}.Debug|Any CPU.Build.0 = Debug|Any CPU
		{466F6936-F4E9-497C-B195-8BAFAF1AA6E3}.Release|Any CPU.ActiveCfg = Release|Any CPU
		{466F6936-F4E9-497C-B195-8BAFAF1AA6E3}.Release|Any CPU.Build.0 = Release|Any CPU
	EndGlobalSection
	GlobalSection(SolutionProperties) = preSolution
		HideSolutionNode = FALSE
	EndGlobalSection
	GlobalSection(ExtensibilityGlobals) = postSolution
		SolutionGuid = {BA0708BF-C781-440D-8399-35C783D70730}
	EndGlobalSection
EndGlobal
